// !$*UTF8*$!
{
	archiveVersion = 1;
	classes = {
	};
	objectVersion = 55;
	objects = {

/* Begin PBXBuildFile section */
		DE0314D528D4572700FC9561 /* FSCalendar in Frameworks */ = {isa = PBXBuildFile; productRef = DE0314D428D4572700FC9561 /* FSCalendar */; };
		DE0314D728D4574400FC9561 /* CalendarViewController.swift in Sources */ = {isa = PBXBuildFile; fileRef = DE0314D628D4574400FC9561 /* CalendarViewController.swift */; };
		DE0314D928D46DEA00FC9561 /* CalendarCell.swift in Sources */ = {isa = PBXBuildFile; fileRef = DE0314D828D46DEA00FC9561 /* CalendarCell.swift */; };
		DE0314DE28D48C3B00FC9561 /* CardTodoViewController.swift in Sources */ = {isa = PBXBuildFile; fileRef = DE0314DD28D48C3B00FC9561 /* CardTodoViewController.swift */; };
		DE0314E028D48C4400FC9561 /* CardDiaryViewController.swift in Sources */ = {isa = PBXBuildFile; fileRef = DE0314DF28D48C4400FC9561 /* CardDiaryViewController.swift */; };
		DE0314E228D495FC00FC9561 /* SortViewController.swift in Sources */ = {isa = PBXBuildFile; fileRef = DE0314E128D495FC00FC9561 /* SortViewController.swift */; };
		DE0314E628D6BB7800FC9561 /* Repository.swift in Sources */ = {isa = PBXBuildFile; fileRef = DE0314E528D6BB7800FC9561 /* Repository.swift */; };
		DE0314E928D6BF9A00FC9561 /* TodoEnum.swift in Sources */ = {isa = PBXBuildFile; fileRef = DE0314E828D6BF9A00FC9561 /* TodoEnum.swift */; };
		DE0504B528CCBC3C00945FD8 /* PageViewController.swift in Sources */ = {isa = PBXBuildFile; fileRef = DE0504B428CCBC3C00945FD8 /* PageViewController.swift */; };
		DE1F8EBA28D0820300877A49 /* TodoViewController.swift in Sources */ = {isa = PBXBuildFile; fileRef = DE1F8EB928D0820300877A49 /* TodoViewController.swift */; };
		DE1F8EBC28D0828700877A49 /* DiaryViewController.swift in Sources */ = {isa = PBXBuildFile; fileRef = DE1F8EBB28D0828700877A49 /* DiaryViewController.swift */; };
		DE22094328C9B32400612BB1 /* AppDelegate.swift in Sources */ = {isa = PBXBuildFile; fileRef = DE22094228C9B32400612BB1 /* AppDelegate.swift */; };
		DE22094528C9B32400612BB1 /* SceneDelegate.swift in Sources */ = {isa = PBXBuildFile; fileRef = DE22094428C9B32400612BB1 /* SceneDelegate.swift */; };
		DE22094A28C9B32400612BB1 /* Main.storyboard in Resources */ = {isa = PBXBuildFile; fileRef = DE22094828C9B32400612BB1 /* Main.storyboard */; };
		DE22094C28C9B32800612BB1 /* Assets.xcassets in Resources */ = {isa = PBXBuildFile; fileRef = DE22094B28C9B32800612BB1 /* Assets.xcassets */; };
		DE22094F28C9B32800612BB1 /* LaunchScreen.storyboard in Resources */ = {isa = PBXBuildFile; fileRef = DE22094D28C9B32800612BB1 /* LaunchScreen.storyboard */; };
		DE22096428C9B49E00612BB1 /* Constants.swift in Sources */ = {isa = PBXBuildFile; fileRef = DE22096328C9B49E00612BB1 /* Constants.swift */; };
		DE22096628C9B94400612BB1 /* WriteViewController.swift in Sources */ = {isa = PBXBuildFile; fileRef = DE22096528C9B94400612BB1 /* WriteViewController.swift */; };
		DE22096A28C9BA5600612BB1 /* SnapKit in Frameworks */ = {isa = PBXBuildFile; productRef = DE22096928C9BA5600612BB1 /* SnapKit */; };
		DE22096C28C9BAB400612BB1 /* WriteTableViewCell.swift in Sources */ = {isa = PBXBuildFile; fileRef = DE22096B28C9BAB400612BB1 /* WriteTableViewCell.swift */; };
		DE22096E28C9CB5300612BB1 /* ReusableProtocol.swift in Sources */ = {isa = PBXBuildFile; fileRef = DE22096D28C9CB5300612BB1 /* ReusableProtocol.swift */; };
		DE22097028C9CBA000612BB1 /* Content.swift in Sources */ = {isa = PBXBuildFile; fileRef = DE22096F28C9CBA000612BB1 /* Content.swift */; };
		DE22097328C9CC8000612BB1 /* Realm in Frameworks */ = {isa = PBXBuildFile; productRef = DE22097228C9CC8000612BB1 /* Realm */; };
		DE22097528C9CC8000612BB1 /* RealmSwift in Frameworks */ = {isa = PBXBuildFile; productRef = DE22097428C9CC8000612BB1 /* RealmSwift */; };
		DE8CE76628D84A4B008F8319 /* IQKeyboardManagerSwift in Frameworks */ = {isa = PBXBuildFile; productRef = DE8CE76528D84A4B008F8319 /* IQKeyboardManagerSwift */; };
		DE8CE76928D87C28008F8319 /* Formatter+Extension.swift in Sources */ = {isa = PBXBuildFile; fileRef = DE8CE76828D87C28008F8319 /* Formatter+Extension.swift */; };
		DEDD8F5228D9A21700464FA7 /* Observable.swift in Sources */ = {isa = PBXBuildFile; fileRef = DEDD8F5128D9A21700464FA7 /* Observable.swift */; };
		DEDD8F5628DAD0C500464FA7 /* CheckStatusButtonView.swift in Sources */ = {isa = PBXBuildFile; fileRef = DEDD8F5528DAD0C500464FA7 /* CheckStatusButtonView.swift */; };
		DEDD8F5928DB292800464FA7 /* ButtonPopUpViewController.swift in Sources */ = {isa = PBXBuildFile; fileRef = DEDD8F5828DB292800464FA7 /* ButtonPopUpViewController.swift */; };
		DEDD8F5B28DB3B7F00464FA7 /* DungGeunMo.otf in Resources */ = {isa = PBXBuildFile; fileRef = DEDD8F5A28DB3B7400464FA7 /* DungGeunMo.otf */; };
		DEE0569D28DC5F0400E9C59C /* CardTodoTableVIewCell.swift in Sources */ = {isa = PBXBuildFile; fileRef = DEE0569C28DC5F0400E9C59C /* CardTodoTableVIewCell.swift */; };
/* End PBXBuildFile section */

/* Begin PBXFileReference section */
		DE0314D628D4574400FC9561 /* CalendarViewController.swift */ = {isa = PBXFileReference; lastKnownFileType = sourcecode.swift; path = CalendarViewController.swift; sourceTree = "<group>"; };
		DE0314D828D46DEA00FC9561 /* CalendarCell.swift */ = {isa = PBXFileReference; lastKnownFileType = sourcecode.swift; path = CalendarCell.swift; sourceTree = "<group>"; };
		DE0314DD28D48C3B00FC9561 /* CardTodoViewController.swift */ = {isa = PBXFileReference; lastKnownFileType = sourcecode.swift; path = CardTodoViewController.swift; sourceTree = "<group>"; };
		DE0314DF28D48C4400FC9561 /* CardDiaryViewController.swift */ = {isa = PBXFileReference; lastKnownFileType = sourcecode.swift; path = CardDiaryViewController.swift; sourceTree = "<group>"; };
		DE0314E128D495FC00FC9561 /* SortViewController.swift */ = {isa = PBXFileReference; lastKnownFileType = sourcecode.swift; path = SortViewController.swift; sourceTree = "<group>"; };
		DE0314E528D6BB7800FC9561 /* Repository.swift */ = {isa = PBXFileReference; lastKnownFileType = sourcecode.swift; path = Repository.swift; sourceTree = "<group>"; };
		DE0314E828D6BF9A00FC9561 /* TodoEnum.swift */ = {isa = PBXFileReference; lastKnownFileType = sourcecode.swift; path = TodoEnum.swift; sourceTree = "<group>"; };
		DE0504B428CCBC3C00945FD8 /* PageViewController.swift */ = {isa = PBXFileReference; lastKnownFileType = sourcecode.swift; path = PageViewController.swift; sourceTree = "<group>"; };
		DE1F8EB928D0820300877A49 /* TodoViewController.swift */ = {isa = PBXFileReference; lastKnownFileType = sourcecode.swift; path = TodoViewController.swift; sourceTree = "<group>"; };
		DE1F8EBB28D0828700877A49 /* DiaryViewController.swift */ = {isa = PBXFileReference; lastKnownFileType = sourcecode.swift; path = DiaryViewController.swift; sourceTree = "<group>"; };
		DE22093F28C9B32400612BB1 /* Memomamu.app */ = {isa = PBXFileReference; explicitFileType = wrapper.application; includeInIndex = 0; path = Memomamu.app; sourceTree = BUILT_PRODUCTS_DIR; };
		DE22094228C9B32400612BB1 /* AppDelegate.swift */ = {isa = PBXFileReference; lastKnownFileType = sourcecode.swift; path = AppDelegate.swift; sourceTree = "<group>"; };
		DE22094428C9B32400612BB1 /* SceneDelegate.swift */ = {isa = PBXFileReference; lastKnownFileType = sourcecode.swift; path = SceneDelegate.swift; sourceTree = "<group>"; };
		DE22094928C9B32400612BB1 /* Base */ = {isa = PBXFileReference; lastKnownFileType = file.storyboard; name = Base; path = Base.lproj/Main.storyboard; sourceTree = "<group>"; };
		DE22094B28C9B32800612BB1 /* Assets.xcassets */ = {isa = PBXFileReference; lastKnownFileType = folder.assetcatalog; path = Assets.xcassets; sourceTree = "<group>"; };
		DE22094E28C9B32800612BB1 /* Base */ = {isa = PBXFileReference; lastKnownFileType = file.storyboard; name = Base; path = Base.lproj/LaunchScreen.storyboard; sourceTree = "<group>"; };
		DE22095028C9B32800612BB1 /* Info.plist */ = {isa = PBXFileReference; lastKnownFileType = text.plist.xml; path = Info.plist; sourceTree = "<group>"; };
		DE22096328C9B49E00612BB1 /* Constants.swift */ = {isa = PBXFileReference; lastKnownFileType = sourcecode.swift; path = Constants.swift; sourceTree = "<group>"; };
		DE22096528C9B94400612BB1 /* WriteViewController.swift */ = {isa = PBXFileReference; lastKnownFileType = sourcecode.swift; path = WriteViewController.swift; sourceTree = "<group>"; };
		DE22096B28C9BAB400612BB1 /* WriteTableViewCell.swift */ = {isa = PBXFileReference; lastKnownFileType = sourcecode.swift; path = WriteTableViewCell.swift; sourceTree = "<group>"; };
		DE22096D28C9CB5300612BB1 /* ReusableProtocol.swift */ = {isa = PBXFileReference; lastKnownFileType = sourcecode.swift; path = ReusableProtocol.swift; sourceTree = "<group>"; };
		DE22096F28C9CBA000612BB1 /* Content.swift */ = {isa = PBXFileReference; lastKnownFileType = sourcecode.swift; path = Content.swift; sourceTree = "<group>"; };
		DE8CE76828D87C28008F8319 /* Formatter+Extension.swift */ = {isa = PBXFileReference; lastKnownFileType = sourcecode.swift; path = "Formatter+Extension.swift"; sourceTree = "<group>"; };
		DEDD8F5128D9A21700464FA7 /* Observable.swift */ = {isa = PBXFileReference; lastKnownFileType = sourcecode.swift; path = Observable.swift; sourceTree = "<group>"; };
		DEDD8F5528DAD0C500464FA7 /* CheckStatusButtonView.swift */ = {isa = PBXFileReference; lastKnownFileType = sourcecode.swift; path = CheckStatusButtonView.swift; sourceTree = "<group>"; };
		DEDD8F5828DB292800464FA7 /* ButtonPopUpViewController.swift */ = {isa = PBXFileReference; lastKnownFileType = sourcecode.swift; path = ButtonPopUpViewController.swift; sourceTree = "<group>"; };
		DEDD8F5A28DB3B7400464FA7 /* DungGeunMo.otf */ = {isa = PBXFileReference; lastKnownFileType = file; name = DungGeunMo.otf; path = ../../Downloads/DungGeunMo.otf; sourceTree = "<group>"; };
		DEE0569C28DC5F0400E9C59C /* CardTodoTableVIewCell.swift */ = {isa = PBXFileReference; lastKnownFileType = sourcecode.swift; path = CardTodoTableVIewCell.swift; sourceTree = "<group>"; };
/* End PBXFileReference section */

/* Begin PBXFrameworksBuildPhase section */
		DE22093C28C9B32400612BB1 /* Frameworks */ = {
			isa = PBXFrameworksBuildPhase;
			buildActionMask = 2147483647;
			files = (
				DE8CE76628D84A4B008F8319 /* IQKeyboardManagerSwift in Frameworks */,
				DE22097528C9CC8000612BB1 /* RealmSwift in Frameworks */,
				DE0314D528D4572700FC9561 /* FSCalendar in Frameworks */,
				DE22097328C9CC8000612BB1 /* Realm in Frameworks */,
				DE22096A28C9BA5600612BB1 /* SnapKit in Frameworks */,
			);
			runOnlyForDeploymentPostprocessing = 0;
		};
/* End PBXFrameworksBuildPhase section */

/* Begin PBXGroup section */
		DE0314D228D456D200FC9561 /* CalendarVC */ = {
			isa = PBXGroup;
			children = (
				DE0314D628D4574400FC9561 /* CalendarViewController.swift */,
				DE0314D828D46DEA00FC9561 /* CalendarCell.swift */,
				DE0314DD28D48C3B00FC9561 /* CardTodoViewController.swift */,
				DEE0569C28DC5F0400E9C59C /* CardTodoTableVIewCell.swift */,
				DE0314DF28D48C4400FC9561 /* CardDiaryViewController.swift */,
			);
			path = CalendarVC;
			sourceTree = "<group>";
		};
		DE0314DA28D48C0200FC9561 /* SortVC */ = {
			isa = PBXGroup;
			children = (
				DE0314E128D495FC00FC9561 /* SortViewController.swift */,
			);
			path = SortVC;
			sourceTree = "<group>";
		};
		DE0314E328D6BAF300FC9561 /* Model */ = {
			isa = PBXGroup;
			children = (
				DE22096F28C9CBA000612BB1 /* Content.swift */,
				DE0314E828D6BF9A00FC9561 /* TodoEnum.swift */,
			);
			path = Model;
			sourceTree = "<group>";
		};
		DE0314E428D6BB4500FC9561 /* Realm */ = {
			isa = PBXGroup;
			children = (
				DE0314E528D6BB7800FC9561 /* Repository.swift */,
			);
			path = Realm;
			sourceTree = "<group>";
		};
		DE22093628C9B32400612BB1 = {
			isa = PBXGroup;
			children = (
				DE22094128C9B32400612BB1 /* Memomamu */,
				DEDD8F5A28DB3B7400464FA7 /* DungGeunMo.otf */,
				DE22094028C9B32400612BB1 /* Products */,
			);
			sourceTree = "<group>";
		};
		DE22094028C9B32400612BB1 /* Products */ = {
			isa = PBXGroup;
			children = (
				DE22093F28C9B32400612BB1 /* Memomamu.app */,
			);
			name = Products;
			sourceTree = "<group>";
		};
		DE22094128C9B32400612BB1 /* Memomamu */ = {
			isa = PBXGroup;
			children = (
				DE0314E328D6BAF300FC9561 /* Model */,
				DE0314E428D6BB4500FC9561 /* Realm */,
				DE0314DA28D48C0200FC9561 /* SortVC */,
				DE0314D228D456D200FC9561 /* CalendarVC */,
				DE7838B028D1AEDB0093F034 /* Utility */,
				DE22096728C9B94900612BB1 /* WriteVC */,
				DE22094228C9B32400612BB1 /* AppDelegate.swift */,
				DE22094428C9B32400612BB1 /* SceneDelegate.swift */,
				DE22094828C9B32400612BB1 /* Main.storyboard */,
				DE22094B28C9B32800612BB1 /* Assets.xcassets */,
				DE22094D28C9B32800612BB1 /* LaunchScreen.storyboard */,
				DE22095028C9B32800612BB1 /* Info.plist */,
			);
			path = Memomamu;
			sourceTree = "<group>";
		};
		DE22096228C9B49500612BB1 /* Constants */ = {
			isa = PBXGroup;
			children = (
				DE22096328C9B49E00612BB1 /* Constants.swift */,
			);
			path = Constants;
			sourceTree = "<group>";
		};
		DE22096728C9B94900612BB1 /* WriteVC */ = {
			isa = PBXGroup;
			children = (
				DE22096528C9B94400612BB1 /* WriteViewController.swift */,
				DE0504B428CCBC3C00945FD8 /* PageViewController.swift */,
				DE1F8EB928D0820300877A49 /* TodoViewController.swift */,
				DE22096B28C9BAB400612BB1 /* WriteTableViewCell.swift */,
				DE1F8EBB28D0828700877A49 /* DiaryViewController.swift */,
				DEDD8F5528DAD0C500464FA7 /* CheckStatusButtonView.swift */,
				DEDD8F5828DB292800464FA7 /* ButtonPopUpViewController.swift */,
			);
			path = WriteVC;
			sourceTree = "<group>";
		};
		DE7838B028D1AEDB0093F034 /* Utility */ = {
			isa = PBXGroup;
			children = (
				DE8CE76728D87C18008F8319 /* Extensions */,
				DE22096D28C9CB5300612BB1 /* ReusableProtocol.swift */,
				DEDD8F5128D9A21700464FA7 /* Observable.swift */,
				DE22096228C9B49500612BB1 /* Constants */,
			);
			path = Utility;
			sourceTree = "<group>";
		};
		DE8CE76728D87C18008F8319 /* Extensions */ = {
			isa = PBXGroup;
			children = (
				DE8CE76828D87C28008F8319 /* Formatter+Extension.swift */,
			);
			path = Extensions;
			sourceTree = "<group>";
		};
/* End PBXGroup section */

/* Begin PBXNativeTarget section */
		DE22093E28C9B32400612BB1 /* Memomamu */ = {
			isa = PBXNativeTarget;
			buildConfigurationList = DE22095328C9B32800612BB1 /* Build configuration list for PBXNativeTarget "Memomamu" */;
			buildPhases = (
				DE22093B28C9B32400612BB1 /* Sources */,
				DE22093C28C9B32400612BB1 /* Frameworks */,
				DE22093D28C9B32400612BB1 /* Resources */,
			);
			buildRules = (
			);
			dependencies = (
			);
			name = Memomamu;
			packageProductDependencies = (
				DE22096928C9BA5600612BB1 /* SnapKit */,
				DE22097228C9CC8000612BB1 /* Realm */,
				DE22097428C9CC8000612BB1 /* RealmSwift */,
				DE0314D428D4572700FC9561 /* FSCalendar */,
				DE8CE76528D84A4B008F8319 /* IQKeyboardManagerSwift */,
			);
			productName = Memomamu;
			productReference = DE22093F28C9B32400612BB1 /* Memomamu.app */;
			productType = "com.apple.product-type.application";
		};
/* End PBXNativeTarget section */

/* Begin PBXProject section */
		DE22093728C9B32400612BB1 /* Project object */ = {
			isa = PBXProject;
			attributes = {
				BuildIndependentTargetsInParallel = 1;
				LastSwiftUpdateCheck = 1330;
				LastUpgradeCheck = 1330;
				TargetAttributes = {
					DE22093E28C9B32400612BB1 = {
						CreatedOnToolsVersion = 13.3.1;
					};
				};
			};
			buildConfigurationList = DE22093A28C9B32400612BB1 /* Build configuration list for PBXProject "Memomamu" */;
			compatibilityVersion = "Xcode 13.0";
			developmentRegion = en;
			hasScannedForEncodings = 0;
			knownRegions = (
				en,
				Base,
			);
			mainGroup = DE22093628C9B32400612BB1;
			packageReferences = (
				DE22096828C9BA5600612BB1 /* XCRemoteSwiftPackageReference "SnapKit" */,
				DE22097128C9CC8000612BB1 /* XCRemoteSwiftPackageReference "realm-swift" */,
				DE0314D328D4572700FC9561 /* XCRemoteSwiftPackageReference "FSCalendar" */,
				DE8CE76428D84A4B008F8319 /* XCRemoteSwiftPackageReference "IQKeyboardManager" */,
			);
			productRefGroup = DE22094028C9B32400612BB1 /* Products */;
			projectDirPath = "";
			projectRoot = "";
			targets = (
				DE22093E28C9B32400612BB1 /* Memomamu */,
			);
		};
/* End PBXProject section */

/* Begin PBXResourcesBuildPhase section */
		DE22093D28C9B32400612BB1 /* Resources */ = {
			isa = PBXResourcesBuildPhase;
			buildActionMask = 2147483647;
			files = (
				DE22094F28C9B32800612BB1 /* LaunchScreen.storyboard in Resources */,
				DE22094C28C9B32800612BB1 /* Assets.xcassets in Resources */,
				DEDD8F5B28DB3B7F00464FA7 /* DungGeunMo.otf in Resources */,
				DE22094A28C9B32400612BB1 /* Main.storyboard in Resources */,
			);
			runOnlyForDeploymentPostprocessing = 0;
		};
/* End PBXResourcesBuildPhase section */

/* Begin PBXSourcesBuildPhase section */
		DE22093B28C9B32400612BB1 /* Sources */ = {
			isa = PBXSourcesBuildPhase;
			buildActionMask = 2147483647;
			files = (
				DE0314D728D4574400FC9561 /* CalendarViewController.swift in Sources */,
				DE1F8EBA28D0820300877A49 /* TodoViewController.swift in Sources */,
				DE0504B528CCBC3C00945FD8 /* PageViewController.swift in Sources */,
				DEDD8F5628DAD0C500464FA7 /* CheckStatusButtonView.swift in Sources */,
				DE0314E928D6BF9A00FC9561 /* TodoEnum.swift in Sources */,
				DE1F8EBC28D0828700877A49 /* DiaryViewController.swift in Sources */,
				DE0314E028D48C4400FC9561 /* CardDiaryViewController.swift in Sources */,
				DE22097028C9CBA000612BB1 /* Content.swift in Sources */,
				DE22096E28C9CB5300612BB1 /* ReusableProtocol.swift in Sources */,
				DE22096628C9B94400612BB1 /* WriteViewController.swift in Sources */,
				DE0314DE28D48C3B00FC9561 /* CardTodoViewController.swift in Sources */,
				DE8CE76928D87C28008F8319 /* Formatter+Extension.swift in Sources */,
				DE0314E228D495FC00FC9561 /* SortViewController.swift in Sources */,
				DEDD8F5928DB292800464FA7 /* ButtonPopUpViewController.swift in Sources */,
				DE22094328C9B32400612BB1 /* AppDelegate.swift in Sources */,
				DE0314E628D6BB7800FC9561 /* Repository.swift in Sources */,
				DE22094528C9B32400612BB1 /* SceneDelegate.swift in Sources */,
				DE22096428C9B49E00612BB1 /* Constants.swift in Sources */,
				DEE0569D28DC5F0400E9C59C /* CardTodoTableVIewCell.swift in Sources */,
				DEDD8F5228D9A21700464FA7 /* Observable.swift in Sources */,
				DE0314D928D46DEA00FC9561 /* CalendarCell.swift in Sources */,
				DE22096C28C9BAB400612BB1 /* WriteTableViewCell.swift in Sources */,
			);
			runOnlyForDeploymentPostprocessing = 0;
		};
/* End PBXSourcesBuildPhase section */

/* Begin PBXVariantGroup section */
		DE22094828C9B32400612BB1 /* Main.storyboard */ = {
			isa = PBXVariantGroup;
			children = (
				DE22094928C9B32400612BB1 /* Base */,
			);
			name = Main.storyboard;
			sourceTree = "<group>";
		};
		DE22094D28C9B32800612BB1 /* LaunchScreen.storyboard */ = {
			isa = PBXVariantGroup;
			children = (
				DE22094E28C9B32800612BB1 /* Base */,
			);
			name = LaunchScreen.storyboard;
			sourceTree = "<group>";
		};
/* End PBXVariantGroup section */

/* Begin XCBuildConfiguration section */
		DE22095128C9B32800612BB1 /* Debug */ = {
			isa = XCBuildConfiguration;
			buildSettings = {
				ALWAYS_SEARCH_USER_PATHS = NO;
				CLANG_ANALYZER_NONNULL = YES;
				CLANG_ANALYZER_NUMBER_OBJECT_CONVERSION = YES_AGGRESSIVE;
				CLANG_CXX_LANGUAGE_STANDARD = "gnu++17";
				CLANG_ENABLE_MODULES = YES;
				CLANG_ENABLE_OBJC_ARC = YES;
				CLANG_ENABLE_OBJC_WEAK = YES;
				CLANG_WARN_BLOCK_CAPTURE_AUTORELEASING = YES;
				CLANG_WARN_BOOL_CONVERSION = YES;
				CLANG_WARN_COMMA = YES;
				CLANG_WARN_CONSTANT_CONVERSION = YES;
				CLANG_WARN_DEPRECATED_OBJC_IMPLEMENTATIONS = YES;
				CLANG_WARN_DIRECT_OBJC_ISA_USAGE = YES_ERROR;
				CLANG_WARN_DOCUMENTATION_COMMENTS = YES;
				CLANG_WARN_EMPTY_BODY = YES;
				CLANG_WARN_ENUM_CONVERSION = YES;
				CLANG_WARN_INFINITE_RECURSION = YES;
				CLANG_WARN_INT_CONVERSION = YES;
				CLANG_WARN_NON_LITERAL_NULL_CONVERSION = YES;
				CLANG_WARN_OBJC_IMPLICIT_RETAIN_SELF = YES;
				CLANG_WARN_OBJC_LITERAL_CONVERSION = YES;
				CLANG_WARN_OBJC_ROOT_CLASS = YES_ERROR;
				CLANG_WARN_QUOTED_INCLUDE_IN_FRAMEWORK_HEADER = YES;
				CLANG_WARN_RANGE_LOOP_ANALYSIS = YES;
				CLANG_WARN_STRICT_PROTOTYPES = YES;
				CLANG_WARN_SUSPICIOUS_MOVE = YES;
				CLANG_WARN_UNGUARDED_AVAILABILITY = YES_AGGRESSIVE;
				CLANG_WARN_UNREACHABLE_CODE = YES;
				CLANG_WARN__DUPLICATE_METHOD_MATCH = YES;
				COPY_PHASE_STRIP = NO;
				DEBUG_INFORMATION_FORMAT = dwarf;
				ENABLE_STRICT_OBJC_MSGSEND = YES;
				ENABLE_TESTABILITY = YES;
				GCC_C_LANGUAGE_STANDARD = gnu11;
				GCC_DYNAMIC_NO_PIC = NO;
				GCC_NO_COMMON_BLOCKS = YES;
				GCC_OPTIMIZATION_LEVEL = 0;
				GCC_PREPROCESSOR_DEFINITIONS = (
					"DEBUG=1",
					"$(inherited)",
				);
				GCC_WARN_64_TO_32_BIT_CONVERSION = YES;
				GCC_WARN_ABOUT_RETURN_TYPE = YES_ERROR;
				GCC_WARN_UNDECLARED_SELECTOR = YES;
				GCC_WARN_UNINITIALIZED_AUTOS = YES_AGGRESSIVE;
				GCC_WARN_UNUSED_FUNCTION = YES;
				GCC_WARN_UNUSED_VARIABLE = YES;
				IPHONEOS_DEPLOYMENT_TARGET = 15.4;
				MTL_ENABLE_DEBUG_INFO = INCLUDE_SOURCE;
				MTL_FAST_MATH = YES;
				ONLY_ACTIVE_ARCH = YES;
				SDKROOT = iphoneos;
				SWIFT_ACTIVE_COMPILATION_CONDITIONS = DEBUG;
				SWIFT_OPTIMIZATION_LEVEL = "-Onone";
			};
			name = Debug;
		};
		DE22095228C9B32800612BB1 /* Release */ = {
			isa = XCBuildConfiguration;
			buildSettings = {
				ALWAYS_SEARCH_USER_PATHS = NO;
				CLANG_ANALYZER_NONNULL = YES;
				CLANG_ANALYZER_NUMBER_OBJECT_CONVERSION = YES_AGGRESSIVE;
				CLANG_CXX_LANGUAGE_STANDARD = "gnu++17";
				CLANG_ENABLE_MODULES = YES;
				CLANG_ENABLE_OBJC_ARC = YES;
				CLANG_ENABLE_OBJC_WEAK = YES;
				CLANG_WARN_BLOCK_CAPTURE_AUTORELEASING = YES;
				CLANG_WARN_BOOL_CONVERSION = YES;
				CLANG_WARN_COMMA = YES;
				CLANG_WARN_CONSTANT_CONVERSION = YES;
				CLANG_WARN_DEPRECATED_OBJC_IMPLEMENTATIONS = YES;
				CLANG_WARN_DIRECT_OBJC_ISA_USAGE = YES_ERROR;
				CLANG_WARN_DOCUMENTATION_COMMENTS = YES;
				CLANG_WARN_EMPTY_BODY = YES;
				CLANG_WARN_ENUM_CONVERSION = YES;
				CLANG_WARN_INFINITE_RECURSION = YES;
				CLANG_WARN_INT_CONVERSION = YES;
				CLANG_WARN_NON_LITERAL_NULL_CONVERSION = YES;
				CLANG_WARN_OBJC_IMPLICIT_RETAIN_SELF = YES;
				CLANG_WARN_OBJC_LITERAL_CONVERSION = YES;
				CLANG_WARN_OBJC_ROOT_CLASS = YES_ERROR;
				CLANG_WARN_QUOTED_INCLUDE_IN_FRAMEWORK_HEADER = YES;
				CLANG_WARN_RANGE_LOOP_ANALYSIS = YES;
				CLANG_WARN_STRICT_PROTOTYPES = YES;
				CLANG_WARN_SUSPICIOUS_MOVE = YES;
				CLANG_WARN_UNGUARDED_AVAILABILITY = YES_AGGRESSIVE;
				CLANG_WARN_UNREACHABLE_CODE = YES;
				CLANG_WARN__DUPLICATE_METHOD_MATCH = YES;
				COPY_PHASE_STRIP = NO;
				DEBUG_INFORMATION_FORMAT = "dwarf-with-dsym";
				ENABLE_NS_ASSERTIONS = NO;
				ENABLE_STRICT_OBJC_MSGSEND = YES;
				GCC_C_LANGUAGE_STANDARD = gnu11;
				GCC_NO_COMMON_BLOCKS = YES;
				GCC_WARN_64_TO_32_BIT_CONVERSION = YES;
				GCC_WARN_ABOUT_RETURN_TYPE = YES_ERROR;
				GCC_WARN_UNDECLARED_SELECTOR = YES;
				GCC_WARN_UNINITIALIZED_AUTOS = YES_AGGRESSIVE;
				GCC_WARN_UNUSED_FUNCTION = YES;
				GCC_WARN_UNUSED_VARIABLE = YES;
				IPHONEOS_DEPLOYMENT_TARGET = 15.4;
				MTL_ENABLE_DEBUG_INFO = NO;
				MTL_FAST_MATH = YES;
				SDKROOT = iphoneos;
				SWIFT_COMPILATION_MODE = wholemodule;
				SWIFT_OPTIMIZATION_LEVEL = "-O";
				VALIDATE_PRODUCT = YES;
			};
			name = Release;
		};
		DE22095428C9B32800612BB1 /* Debug */ = {
			isa = XCBuildConfiguration;
			buildSettings = {
				ASSETCATALOG_COMPILER_APPICON_NAME = AppIcon;
				ASSETCATALOG_COMPILER_GLOBAL_ACCENT_COLOR_NAME = AccentColor;
				CODE_SIGN_STYLE = Automatic;
				CURRENT_PROJECT_VERSION = 1;
				DEVELOPMENT_TEAM = DV7XBU83N5;
				GENERATE_INFOPLIST_FILE = YES;
				INFOPLIST_FILE = Memomamu/Info.plist;
				INFOPLIST_KEY_UIApplicationSupportsIndirectInputEvents = YES;
				INFOPLIST_KEY_UILaunchStoryboardName = LaunchScreen;
				INFOPLIST_KEY_UIMainStoryboardFile = Main;
				INFOPLIST_KEY_UISupportedInterfaceOrientations_iPad = "UIInterfaceOrientationPortrait UIInterfaceOrientationPortraitUpsideDown UIInterfaceOrientationLandscapeLeft UIInterfaceOrientationLandscapeRight";
				INFOPLIST_KEY_UISupportedInterfaceOrientations_iPhone = "UIInterfaceOrientationPortrait UIInterfaceOrientationLandscapeLeft UIInterfaceOrientationLandscapeRight";
				IPHONEOS_DEPLOYMENT_TARGET = 15.0;
				LD_RUNPATH_SEARCH_PATHS = (
					"$(inherited)",
					"@executable_path/Frameworks",
				);
				MARKETING_VERSION = 1.0;
				PRODUCT_BUNDLE_IDENTIFIER = com.sesac.Memomamu;
				PRODUCT_NAME = "$(TARGET_NAME)";
				SWIFT_EMIT_LOC_STRINGS = YES;
				SWIFT_VERSION = 5.0;
				TARGETED_DEVICE_FAMILY = 1;
			};
			name = Debug;
		};
		DE22095528C9B32800612BB1 /* Release */ = {
			isa = XCBuildConfiguration;
			buildSettings = {
				ASSETCATALOG_COMPILER_APPICON_NAME = AppIcon;
				ASSETCATALOG_COMPILER_GLOBAL_ACCENT_COLOR_NAME = AccentColor;
				CODE_SIGN_STYLE = Automatic;
				CURRENT_PROJECT_VERSION = 1;
				DEVELOPMENT_TEAM = DV7XBU83N5;
				GENERATE_INFOPLIST_FILE = YES;
				INFOPLIST_FILE = Memomamu/Info.plist;
				INFOPLIST_KEY_UIApplicationSupportsIndirectInputEvents = YES;
				INFOPLIST_KEY_UILaunchStoryboardName = LaunchScreen;
				INFOPLIST_KEY_UIMainStoryboardFile = Main;
				INFOPLIST_KEY_UISupportedInterfaceOrientations_iPad = "UIInterfaceOrientationPortrait UIInterfaceOrientationPortraitUpsideDown UIInterfaceOrientationLandscapeLeft UIInterfaceOrientationLandscapeRight";
				INFOPLIST_KEY_UISupportedInterfaceOrientations_iPhone = "UIInterfaceOrientationPortrait UIInterfaceOrientationLandscapeLeft UIInterfaceOrientationLandscapeRight";
				IPHONEOS_DEPLOYMENT_TARGET = 15.0;
				LD_RUNPATH_SEARCH_PATHS = (
					"$(inherited)",
					"@executable_path/Frameworks",
				);
				MARKETING_VERSION = 1.0;
				PRODUCT_BUNDLE_IDENTIFIER = com.sesac.Memomamu;
				PRODUCT_NAME = "$(TARGET_NAME)";
				SWIFT_EMIT_LOC_STRINGS = YES;
				SWIFT_VERSION = 5.0;
				TARGETED_DEVICE_FAMILY = 1;
			};
			name = Release;
		};
/* End XCBuildConfiguration section */

/* Begin XCConfigurationList section */
		DE22093A28C9B32400612BB1 /* Build configuration list for PBXProject "Memomamu" */ = {
			isa = XCConfigurationList;
			buildConfigurations = (
				DE22095128C9B32800612BB1 /* Debug */,
				DE22095228C9B32800612BB1 /* Release */,
			);
			defaultConfigurationIsVisible = 0;
			defaultConfigurationName = Release;
		};
		DE22095328C9B32800612BB1 /* Build configuration list for PBXNativeTarget "Memomamu" */ = {
			isa = XCConfigurationList;
			buildConfigurations = (
				DE22095428C9B32800612BB1 /* Debug */,
				DE22095528C9B32800612BB1 /* Release */,
			);
			defaultConfigurationIsVisible = 0;
			defaultConfigurationName = Release;
		};
/* End XCConfigurationList section */

/* Begin XCRemoteSwiftPackageReference section */
		DE0314D328D4572700FC9561 /* XCRemoteSwiftPackageReference "FSCalendar" */ = {
			isa = XCRemoteSwiftPackageReference;
			repositoryURL = "https://github.com/WenchaoD/FSCalendar.git";
			requirement = {
				kind = upToNextMajorVersion;
				minimumVersion = 2.0.0;
			};
		};
		DE22096828C9BA5600612BB1 /* XCRemoteSwiftPackageReference "SnapKit" */ = {
			isa = XCRemoteSwiftPackageReference;
			repositoryURL = "https://github.com/SnapKit/SnapKit.git";
			requirement = {
				kind = upToNextMajorVersion;
				minimumVersion = 5.0.0;
			};
		};
		DE22097128C9CC8000612BB1 /* XCRemoteSwiftPackageReference "realm-swift" */ = {
			isa = XCRemoteSwiftPackageReference;
			repositoryURL = "https://github.com/realm/realm-swift.git";
			requirement = {
				kind = upToNextMajorVersion;
				minimumVersion = 10.0.0;
			};
		};
		DE8CE76428D84A4B008F8319 /* XCRemoteSwiftPackageReference "IQKeyboardManager" */ = {
			isa = XCRemoteSwiftPackageReference;
			repositoryURL = "https://github.com/hackiftekhar/IQKeyboardManager.git";
			requirement = {
				kind = upToNextMajorVersion;
				minimumVersion = 6.5.0;
			};
		};
/* End XCRemoteSwiftPackageReference section */

/* Begin XCSwiftPackageProductDependency section */
		DE0314D428D4572700FC9561 /* FSCalendar */ = {
			isa = XCSwiftPackageProductDependency;
			package = DE0314D328D4572700FC9561 /* XCRemoteSwiftPackageReference "FSCalendar" */;
			productName = FSCalendar;
		};
		DE22096928C9BA5600612BB1 /* SnapKit */ = {
			isa = XCSwiftPackageProductDependency;
			package = DE22096828C9BA5600612BB1 /* XCRemoteSwiftPackageReference "SnapKit" */;
			productName = SnapKit;
		};
		DE22097228C9CC8000612BB1 /* Realm */ = {
			isa = XCSwiftPackageProductDependency;
			package = DE22097128C9CC8000612BB1 /* XCRemoteSwiftPackageReference "realm-swift" */;
			productName = Realm;
		};
		DE22097428C9CC8000612BB1 /* RealmSwift */ = {
			isa = XCSwiftPackageProductDependency;
			package = DE22097128C9CC8000612BB1 /* XCRemoteSwiftPackageReference "realm-swift" */;
			productName = RealmSwift;
		};
		DE8CE76528D84A4B008F8319 /* IQKeyboardManagerSwift */ = {
			isa = XCSwiftPackageProductDependency;
			package = DE8CE76428D84A4B008F8319 /* XCRemoteSwiftPackageReference "IQKeyboardManager" */;
			productName = IQKeyboardManagerSwift;
		};
/* End XCSwiftPackageProductDependency section */
	};
	rootObject = DE22093728C9B32400612BB1 /* Project object */;
}
