// !$*UTF8*$!
{
	archiveVersion = 1;
	classes = {
	};
	objectVersion = 55;
	objects = {

/* Begin PBXBuildFile section */
		DE01626D28E2E4470067A46D /* SortDateView.swift in Sources */ = {isa = PBXBuildFile; fileRef = DE01626C28E2E4470067A46D /* SortDateView.swift */; };
		DE01626F28E2E5D50067A46D /* SortTableViewCell.swift in Sources */ = {isa = PBXBuildFile; fileRef = DE01626E28E2E5D50067A46D /* SortTableViewCell.swift */; };
		DE01627228E32CFC0067A46D /* SortCardTodoViewController.swift in Sources */ = {isa = PBXBuildFile; fileRef = DE01627128E32CFC0067A46D /* SortCardTodoViewController.swift */; };
		DE01627428E32D1B0067A46D /* SortCardDiaryViewController.swift in Sources */ = {isa = PBXBuildFile; fileRef = DE01627328E32D1B0067A46D /* SortCardDiaryViewController.swift */; };
		DE01627728E3DC200067A46D /* Realm in Frameworks */ = {isa = PBXBuildFile; productRef = DE01627628E3DC200067A46D /* Realm */; };
		DE01627928E3DC200067A46D /* RealmSwift in Frameworks */ = {isa = PBXBuildFile; productRef = DE01627828E3DC200067A46D /* RealmSwift */; };
		DE01627B28E428910067A46D /* SortCardTodoTableViewCell.swift in Sources */ = {isa = PBXBuildFile; fileRef = DE01627A28E428910067A46D /* SortCardTodoTableViewCell.swift */; };
		DE0314D528D4572700FC9561 /* FSCalendar in Frameworks */ = {isa = PBXBuildFile; productRef = DE0314D428D4572700FC9561 /* FSCalendar */; };
		DE0314D728D4574400FC9561 /* CalendarViewController.swift in Sources */ = {isa = PBXBuildFile; fileRef = DE0314D628D4574400FC9561 /* CalendarViewController.swift */; };
		DE0314D928D46DEA00FC9561 /* CalendarCell.swift in Sources */ = {isa = PBXBuildFile; fileRef = DE0314D828D46DEA00FC9561 /* CalendarCell.swift */; };
		DE0314DE28D48C3B00FC9561 /* CardTodoViewController.swift in Sources */ = {isa = PBXBuildFile; fileRef = DE0314DD28D48C3B00FC9561 /* CardTodoViewController.swift */; };
		DE0314E028D48C4400FC9561 /* CardDiaryViewController.swift in Sources */ = {isa = PBXBuildFile; fileRef = DE0314DF28D48C4400FC9561 /* CardDiaryViewController.swift */; };
		DE0314E228D495FC00FC9561 /* SortViewController.swift in Sources */ = {isa = PBXBuildFile; fileRef = DE0314E128D495FC00FC9561 /* SortViewController.swift */; };
		DE0314E628D6BB7800FC9561 /* Repository.swift in Sources */ = {isa = PBXBuildFile; fileRef = DE0314E528D6BB7800FC9561 /* Repository.swift */; };
		DE0314E928D6BF9A00FC9561 /* TodoEnum.swift in Sources */ = {isa = PBXBuildFile; fileRef = DE0314E828D6BF9A00FC9561 /* TodoEnum.swift */; };
		DE0504B528CCBC3C00945FD8 /* PageViewController.swift in Sources */ = {isa = PBXBuildFile; fileRef = DE0504B428CCBC3C00945FD8 /* PageViewController.swift */; };
		DE1F8EBA28D0820300877A49 /* TodoViewController.swift in Sources */ = {isa = PBXBuildFile; fileRef = DE1F8EB928D0820300877A49 /* TodoViewController.swift */; };
		DE1F8EBC28D0828700877A49 /* DiaryViewController.swift in Sources */ = {isa = PBXBuildFile; fileRef = DE1F8EBB28D0828700877A49 /* DiaryViewController.swift */; };
		DE22094328C9B32400612BB1 /* AppDelegate.swift in Sources */ = {isa = PBXBuildFile; fileRef = DE22094228C9B32400612BB1 /* AppDelegate.swift */; };
		DE22094528C9B32400612BB1 /* SceneDelegate.swift in Sources */ = {isa = PBXBuildFile; fileRef = DE22094428C9B32400612BB1 /* SceneDelegate.swift */; };
		DE22094C28C9B32800612BB1 /* Assets.xcassets in Resources */ = {isa = PBXBuildFile; fileRef = DE22094B28C9B32800612BB1 /* Assets.xcassets */; };
		DE22094F28C9B32800612BB1 /* LaunchScreen.storyboard in Resources */ = {isa = PBXBuildFile; fileRef = DE22094D28C9B32800612BB1 /* LaunchScreen.storyboard */; };
		DE22096428C9B49E00612BB1 /* Constants.swift in Sources */ = {isa = PBXBuildFile; fileRef = DE22096328C9B49E00612BB1 /* Constants.swift */; };
		DE22096628C9B94400612BB1 /* WriteViewController.swift in Sources */ = {isa = PBXBuildFile; fileRef = DE22096528C9B94400612BB1 /* WriteViewController.swift */; };
		DE22096A28C9BA5600612BB1 /* SnapKit in Frameworks */ = {isa = PBXBuildFile; productRef = DE22096928C9BA5600612BB1 /* SnapKit */; };
		DE22096C28C9BAB400612BB1 /* WriteTableViewCell.swift in Sources */ = {isa = PBXBuildFile; fileRef = DE22096B28C9BAB400612BB1 /* WriteTableViewCell.swift */; };
		DE22096E28C9CB5300612BB1 /* ReusableProtocol.swift in Sources */ = {isa = PBXBuildFile; fileRef = DE22096D28C9CB5300612BB1 /* ReusableProtocol.swift */; };
		DE22097028C9CBA000612BB1 /* Todo.swift in Sources */ = {isa = PBXBuildFile; fileRef = DE22096F28C9CBA000612BB1 /* Todo.swift */; };
		DE7EA27928E4A54A0010684B /* AttributedString+Extension.swift in Sources */ = {isa = PBXBuildFile; fileRef = DE7EA27828E4A54A0010684B /* AttributedString+Extension.swift */; };
		DE8908DB28F6EE8A00651982 /* SettingViewController.swift in Sources */ = {isa = PBXBuildFile; fileRef = DE8908DA28F6EE8A00651982 /* SettingViewController.swift */; };
		DE8908E628F7D46000651982 /* Diary.swift in Sources */ = {isa = PBXBuildFile; fileRef = DE8908E528F7D46000651982 /* Diary.swift */; };
		DE8908EB28F7DAC000651982 /* DungGeunMo.otf in Resources */ = {isa = PBXBuildFile; fileRef = DE8908E828F7D49400651982 /* DungGeunMo.otf */; };
		DE8CE76628D84A4B008F8319 /* IQKeyboardManagerSwift in Frameworks */ = {isa = PBXBuildFile; productRef = DE8CE76528D84A4B008F8319 /* IQKeyboardManagerSwift */; };
		DE8CE76928D87C28008F8319 /* Formatter+Extension.swift in Sources */ = {isa = PBXBuildFile; fileRef = DE8CE76828D87C28008F8319 /* Formatter+Extension.swift */; };
		DEB297B928EAF7190023148B /* Localizable.strings in Resources */ = {isa = PBXBuildFile; fileRef = DEB297BB28EAF7190023148B /* Localizable.strings */; };
		DEC3977028F84B2100DA06AF /* Toast+Extension.swift in Sources */ = {isa = PBXBuildFile; fileRef = DEC3976F28F84B2100DA06AF /* Toast+Extension.swift */; };
		DEDD8F5628DAD0C500464FA7 /* CheckStatusButtonView.swift in Sources */ = {isa = PBXBuildFile; fileRef = DEDD8F5528DAD0C500464FA7 /* CheckStatusButtonView.swift */; };
		DEDD8F5928DB292800464FA7 /* ButtonPopUpViewController.swift in Sources */ = {isa = PBXBuildFile; fileRef = DEDD8F5828DB292800464FA7 /* ButtonPopUpViewController.swift */; };
		DEE0569D28DC5F0400E9C59C /* CardTodoTableVIewCell.swift in Sources */ = {isa = PBXBuildFile; fileRef = DEE0569C28DC5F0400E9C59C /* CardTodoTableVIewCell.swift */; };
		DEE9C08528F1AFED00EAF7EA /* GoogleService-Info.plist in Resources */ = {isa = PBXBuildFile; fileRef = DEE9C08428F1AFEC00EAF7EA /* GoogleService-Info.plist */; };
		DEE9C09128F58CF500EAF7EA /* FirebaseAnalyticsWithoutAdIdSupport in Frameworks */ = {isa = PBXBuildFile; productRef = DEE9C09028F58CF500EAF7EA /* FirebaseAnalyticsWithoutAdIdSupport */; };
		DEE9C09328F58CF500EAF7EA /* FirebaseCrashlytics in Frameworks */ = {isa = PBXBuildFile; productRef = DEE9C09228F58CF500EAF7EA /* FirebaseCrashlytics */; };
		DEE9C09528F58CF500EAF7EA /* FirebaseMessaging in Frameworks */ = {isa = PBXBuildFile; productRef = DEE9C09428F58CF500EAF7EA /* FirebaseMessaging */; };
		DEFBA15528F599B900A68E10 /* BestTen-CRT.otf in Resources */ = {isa = PBXBuildFile; fileRef = DEFBA15428F599B900A68E10 /* BestTen-CRT.otf */; };
		DEFBA15828F59D0F00A68E10 /* InfoPlist.strings in Resources */ = {isa = PBXBuildFile; fileRef = DEFBA15A28F59D0F00A68E10 /* InfoPlist.strings */; };
/* End PBXBuildFile section */

/* Begin PBXFileReference section */
		DE01626C28E2E4470067A46D /* SortDateView.swift */ = {isa = PBXFileReference; lastKnownFileType = sourcecode.swift; path = SortDateView.swift; sourceTree = "<group>"; };
		DE01626E28E2E5D50067A46D /* SortTableViewCell.swift */ = {isa = PBXFileReference; lastKnownFileType = sourcecode.swift; path = SortTableViewCell.swift; sourceTree = "<group>"; };
		DE01627128E32CFC0067A46D /* SortCardTodoViewController.swift */ = {isa = PBXFileReference; lastKnownFileType = sourcecode.swift; path = SortCardTodoViewController.swift; sourceTree = "<group>"; };
		DE01627328E32D1B0067A46D /* SortCardDiaryViewController.swift */ = {isa = PBXFileReference; lastKnownFileType = sourcecode.swift; path = SortCardDiaryViewController.swift; sourceTree = "<group>"; };
		DE01627A28E428910067A46D /* SortCardTodoTableViewCell.swift */ = {isa = PBXFileReference; lastKnownFileType = sourcecode.swift; path = SortCardTodoTableViewCell.swift; sourceTree = "<group>"; };
		DE0314D628D4574400FC9561 /* CalendarViewController.swift */ = {isa = PBXFileReference; lastKnownFileType = sourcecode.swift; path = CalendarViewController.swift; sourceTree = "<group>"; };
		DE0314D828D46DEA00FC9561 /* CalendarCell.swift */ = {isa = PBXFileReference; lastKnownFileType = sourcecode.swift; path = CalendarCell.swift; sourceTree = "<group>"; };
		DE0314DD28D48C3B00FC9561 /* CardTodoViewController.swift */ = {isa = PBXFileReference; lastKnownFileType = sourcecode.swift; path = CardTodoViewController.swift; sourceTree = "<group>"; };
		DE0314DF28D48C4400FC9561 /* CardDiaryViewController.swift */ = {isa = PBXFileReference; lastKnownFileType = sourcecode.swift; path = CardDiaryViewController.swift; sourceTree = "<group>"; };
		DE0314E128D495FC00FC9561 /* SortViewController.swift */ = {isa = PBXFileReference; lastKnownFileType = sourcecode.swift; path = SortViewController.swift; sourceTree = "<group>"; };
		DE0314E528D6BB7800FC9561 /* Repository.swift */ = {isa = PBXFileReference; lastKnownFileType = sourcecode.swift; path = Repository.swift; sourceTree = "<group>"; };
		DE0314E828D6BF9A00FC9561 /* TodoEnum.swift */ = {isa = PBXFileReference; lastKnownFileType = sourcecode.swift; path = TodoEnum.swift; sourceTree = "<group>"; };
		DE0504B428CCBC3C00945FD8 /* PageViewController.swift */ = {isa = PBXFileReference; lastKnownFileType = sourcecode.swift; path = PageViewController.swift; sourceTree = "<group>"; };
		DE1F8EB928D0820300877A49 /* TodoViewController.swift */ = {isa = PBXFileReference; lastKnownFileType = sourcecode.swift; path = TodoViewController.swift; sourceTree = "<group>"; };
		DE1F8EBB28D0828700877A49 /* DiaryViewController.swift */ = {isa = PBXFileReference; lastKnownFileType = sourcecode.swift; path = DiaryViewController.swift; sourceTree = "<group>"; };
		DE22093F28C9B32400612BB1 /* Memomamu.app */ = {isa = PBXFileReference; explicitFileType = wrapper.application; includeInIndex = 0; path = Memomamu.app; sourceTree = BUILT_PRODUCTS_DIR; };
		DE22094228C9B32400612BB1 /* AppDelegate.swift */ = {isa = PBXFileReference; lastKnownFileType = sourcecode.swift; path = AppDelegate.swift; sourceTree = "<group>"; };
		DE22094428C9B32400612BB1 /* SceneDelegate.swift */ = {isa = PBXFileReference; lastKnownFileType = sourcecode.swift; path = SceneDelegate.swift; sourceTree = "<group>"; };
		DE22094B28C9B32800612BB1 /* Assets.xcassets */ = {isa = PBXFileReference; lastKnownFileType = folder.assetcatalog; path = Assets.xcassets; sourceTree = "<group>"; };
		DE22094E28C9B32800612BB1 /* Base */ = {isa = PBXFileReference; lastKnownFileType = file.storyboard; name = Base; path = Base.lproj/LaunchScreen.storyboard; sourceTree = "<group>"; };
		DE22095028C9B32800612BB1 /* Info.plist */ = {isa = PBXFileReference; lastKnownFileType = text.plist.xml; path = Info.plist; sourceTree = "<group>"; };
		DE22096328C9B49E00612BB1 /* Constants.swift */ = {isa = PBXFileReference; lastKnownFileType = sourcecode.swift; path = Constants.swift; sourceTree = "<group>"; };
		DE22096528C9B94400612BB1 /* WriteViewController.swift */ = {isa = PBXFileReference; lastKnownFileType = sourcecode.swift; path = WriteViewController.swift; sourceTree = "<group>"; };
		DE22096B28C9BAB400612BB1 /* WriteTableViewCell.swift */ = {isa = PBXFileReference; lastKnownFileType = sourcecode.swift; path = WriteTableViewCell.swift; sourceTree = "<group>"; };
		DE22096D28C9CB5300612BB1 /* ReusableProtocol.swift */ = {isa = PBXFileReference; lastKnownFileType = sourcecode.swift; path = ReusableProtocol.swift; sourceTree = "<group>"; };
		DE22096F28C9CBA000612BB1 /* Todo.swift */ = {isa = PBXFileReference; lastKnownFileType = sourcecode.swift; path = Todo.swift; sourceTree = "<group>"; };
		DE7EA27828E4A54A0010684B /* AttributedString+Extension.swift */ = {isa = PBXFileReference; lastKnownFileType = sourcecode.swift; path = "AttributedString+Extension.swift"; sourceTree = "<group>"; };
		DE8908DA28F6EE8A00651982 /* SettingViewController.swift */ = {isa = PBXFileReference; lastKnownFileType = sourcecode.swift; path = SettingViewController.swift; sourceTree = "<group>"; };
		DE8908E528F7D46000651982 /* Diary.swift */ = {isa = PBXFileReference; lastKnownFileType = sourcecode.swift; path = Diary.swift; sourceTree = "<group>"; };
		DE8908E828F7D49400651982 /* DungGeunMo.otf */ = {isa = PBXFileReference; lastKnownFileType = file; path = DungGeunMo.otf; sourceTree = "<group>"; };
		DE8CE76828D87C28008F8319 /* Formatter+Extension.swift */ = {isa = PBXFileReference; lastKnownFileType = sourcecode.swift; path = "Formatter+Extension.swift"; sourceTree = "<group>"; };
		DEB297BA28EAF7190023148B /* en */ = {isa = PBXFileReference; lastKnownFileType = text.plist.strings; name = en; path = en.lproj/Localizable.strings; sourceTree = "<group>"; };
		DEB297BC28EAF73A0023148B /* ko */ = {isa = PBXFileReference; lastKnownFileType = text.plist.strings; name = ko; path = ko.lproj/Localizable.strings; sourceTree = "<group>"; };
		DEB297BD28EAF7720023148B /* ja */ = {isa = PBXFileReference; lastKnownFileType = text.plist.strings; name = ja; path = ja.lproj/Localizable.strings; sourceTree = "<group>"; };
		DEC3976F28F84B2100DA06AF /* Toast+Extension.swift */ = {isa = PBXFileReference; lastKnownFileType = sourcecode.swift; path = "Toast+Extension.swift"; sourceTree = "<group>"; };
		DEDD8F5528DAD0C500464FA7 /* CheckStatusButtonView.swift */ = {isa = PBXFileReference; lastKnownFileType = sourcecode.swift; path = CheckStatusButtonView.swift; sourceTree = "<group>"; };
		DEDD8F5828DB292800464FA7 /* ButtonPopUpViewController.swift */ = {isa = PBXFileReference; lastKnownFileType = sourcecode.swift; path = ButtonPopUpViewController.swift; sourceTree = "<group>"; };
		DEE0569C28DC5F0400E9C59C /* CardTodoTableVIewCell.swift */ = {isa = PBXFileReference; lastKnownFileType = sourcecode.swift; path = CardTodoTableVIewCell.swift; sourceTree = "<group>"; };
		DEE9C08428F1AFEC00EAF7EA /* GoogleService-Info.plist */ = {isa = PBXFileReference; fileEncoding = 4; lastKnownFileType = text.plist.xml; path = "GoogleService-Info.plist"; sourceTree = "<group>"; };
		DEE9C09628F58D2800EAF7EA /* Memomamu.entitlements */ = {isa = PBXFileReference; lastKnownFileType = text.plist.entitlements; path = Memomamu.entitlements; sourceTree = "<group>"; };
		DEFBA15428F599B900A68E10 /* BestTen-CRT.otf */ = {isa = PBXFileReference; lastKnownFileType = file; path = "BestTen-CRT.otf"; sourceTree = "<group>"; };
		DEFBA15928F59D0F00A68E10 /* en */ = {isa = PBXFileReference; lastKnownFileType = text.plist.strings; name = en; path = en.lproj/InfoPlist.strings; sourceTree = "<group>"; };
		DEFBA15B28F59D1000A68E10 /* ja */ = {isa = PBXFileReference; lastKnownFileType = text.plist.strings; name = ja; path = ja.lproj/InfoPlist.strings; sourceTree = "<group>"; };
		DEFBA15C28F59D1100A68E10 /* ko */ = {isa = PBXFileReference; lastKnownFileType = text.plist.strings; name = ko; path = ko.lproj/InfoPlist.strings; sourceTree = "<group>"; };
/* End PBXFileReference section */

/* Begin PBXFrameworksBuildPhase section */
		DE22093C28C9B32400612BB1 /* Frameworks */ = {
			isa = PBXFrameworksBuildPhase;
			buildActionMask = 2147483647;
			files = (
				DEE9C09528F58CF500EAF7EA /* FirebaseMessaging in Frameworks */,
				DE8CE76628D84A4B008F8319 /* IQKeyboardManagerSwift in Frameworks */,
				DEE9C09128F58CF500EAF7EA /* FirebaseAnalyticsWithoutAdIdSupport in Frameworks */,
				DE0314D528D4572700FC9561 /* FSCalendar in Frameworks */,
				DEE9C09328F58CF500EAF7EA /* FirebaseCrashlytics in Frameworks */,
				DE01627728E3DC200067A46D /* Realm in Frameworks */,
				DE01627928E3DC200067A46D /* RealmSwift in Frameworks */,
				DE22096A28C9BA5600612BB1 /* SnapKit in Frameworks */,
			);
			runOnlyForDeploymentPostprocessing = 0;
		};
/* End PBXFrameworksBuildPhase section */

/* Begin PBXGroup section */
		DE0314D228D456D200FC9561 /* CalendarVC */ = {
			isa = PBXGroup;
			children = (
				DE0314D628D4574400FC9561 /* CalendarViewController.swift */,
				DE0314D828D46DEA00FC9561 /* CalendarCell.swift */,
				DE0314DD28D48C3B00FC9561 /* CardTodoViewController.swift */,
				DEE0569C28DC5F0400E9C59C /* CardTodoTableVIewCell.swift */,
				DE0314DF28D48C4400FC9561 /* CardDiaryViewController.swift */,
			);
			path = CalendarVC;
			sourceTree = "<group>";
		};
		DE0314DA28D48C0200FC9561 /* SortVC */ = {
			isa = PBXGroup;
			children = (
				DE0314E128D495FC00FC9561 /* SortViewController.swift */,
				DE01626E28E2E5D50067A46D /* SortTableViewCell.swift */,
				DE01626C28E2E4470067A46D /* SortDateView.swift */,
				DE01627128E32CFC0067A46D /* SortCardTodoViewController.swift */,
				DE01627A28E428910067A46D /* SortCardTodoTableViewCell.swift */,
				DE01627328E32D1B0067A46D /* SortCardDiaryViewController.swift */,
			);
			path = SortVC;
			sourceTree = "<group>";
		};
		DE0314E328D6BAF300FC9561 /* Model */ = {
			isa = PBXGroup;
			children = (
				DE0314E828D6BF9A00FC9561 /* TodoEnum.swift */,
			);
			path = Model;
			sourceTree = "<group>";
		};
		DE0314E428D6BB4500FC9561 /* Realm */ = {
			isa = PBXGroup;
			children = (
				DE22096F28C9CBA000612BB1 /* Todo.swift */,
				DE8908E528F7D46000651982 /* Diary.swift */,
				DE0314E528D6BB7800FC9561 /* Repository.swift */,
			);
			path = Realm;
			sourceTree = "<group>";
		};
		DE22093628C9B32400612BB1 = {
			isa = PBXGroup;
			children = (
				DE22094128C9B32400612BB1 /* Memomamu */,
				DE22094028C9B32400612BB1 /* Products */,
			);
			sourceTree = "<group>";
		};
		DE22094028C9B32400612BB1 /* Products */ = {
			isa = PBXGroup;
			children = (
				DE22093F28C9B32400612BB1 /* Memomamu.app */,
			);
			name = Products;
			sourceTree = "<group>";
		};
		DE22094128C9B32400612BB1 /* Memomamu */ = {
			isa = PBXGroup;
			children = (
				DE8908EA28F7DA1200651982 /* Resources */,
				DEE9C09628F58D2800EAF7EA /* Memomamu.entitlements */,
				DEE9C08428F1AFEC00EAF7EA /* GoogleService-Info.plist */,
				DE0314E328D6BAF300FC9561 /* Model */,
				DE0314E428D6BB4500FC9561 /* Realm */,
				DE7838B028D1AEDB0093F034 /* Utility */,
				DE8908D928F6EE7800651982 /* Setting */,
				DE0314DA28D48C0200FC9561 /* SortVC */,
				DE0314D228D456D200FC9561 /* CalendarVC */,
				DE22096728C9B94900612BB1 /* WriteVC */,
				DE22094228C9B32400612BB1 /* AppDelegate.swift */,
				DE22094428C9B32400612BB1 /* SceneDelegate.swift */,
				DE22094B28C9B32800612BB1 /* Assets.xcassets */,
				DE22094D28C9B32800612BB1 /* LaunchScreen.storyboard */,
				DE22095028C9B32800612BB1 /* Info.plist */,
			);
			path = Memomamu;
			sourceTree = "<group>";
		};
		DE22096228C9B49500612BB1 /* Constants */ = {
			isa = PBXGroup;
			children = (
				DE22096328C9B49E00612BB1 /* Constants.swift */,
			);
			path = Constants;
			sourceTree = "<group>";
		};
		DE22096728C9B94900612BB1 /* WriteVC */ = {
			isa = PBXGroup;
			children = (
				DE22096528C9B94400612BB1 /* WriteViewController.swift */,
				DE0504B428CCBC3C00945FD8 /* PageViewController.swift */,
				DE1F8EB928D0820300877A49 /* TodoViewController.swift */,
				DE22096B28C9BAB400612BB1 /* WriteTableViewCell.swift */,
				DE1F8EBB28D0828700877A49 /* DiaryViewController.swift */,
				DEDD8F5528DAD0C500464FA7 /* CheckStatusButtonView.swift */,
				DEDD8F5828DB292800464FA7 /* ButtonPopUpViewController.swift */,
			);
			path = WriteVC;
			sourceTree = "<group>";
		};
		DE7838B028D1AEDB0093F034 /* Utility */ = {
			isa = PBXGroup;
			children = (
				DE8CE76728D87C18008F8319 /* Extensions */,
				DE22096D28C9CB5300612BB1 /* ReusableProtocol.swift */,
				DE22096228C9B49500612BB1 /* Constants */,
				DEB297BB28EAF7190023148B /* Localizable.strings */,
				DEFBA15A28F59D0F00A68E10 /* InfoPlist.strings */,
			);
			path = Utility;
			sourceTree = "<group>";
		};
		DE8908D928F6EE7800651982 /* Setting */ = {
			isa = PBXGroup;
			children = (
				DE8908DA28F6EE8A00651982 /* SettingViewController.swift */,
			);
			path = Setting;
			sourceTree = "<group>";
		};
		DE8908EA28F7DA1200651982 /* Resources */ = {
			isa = PBXGroup;
			children = (
				DE8908E828F7D49400651982 /* DungGeunMo.otf */,
				DEFBA15428F599B900A68E10 /* BestTen-CRT.otf */,
			);
			path = Resources;
			sourceTree = "<group>";
		};
		DE8CE76728D87C18008F8319 /* Extensions */ = {
			isa = PBXGroup;
			children = (
				DE8CE76828D87C28008F8319 /* Formatter+Extension.swift */,
				DE7EA27828E4A54A0010684B /* AttributedString+Extension.swift */,
				DEC3976F28F84B2100DA06AF /* Toast+Extension.swift */,
			);
			path = Extensions;
			sourceTree = "<group>";
		};
/* End PBXGroup section */

/* Begin PBXNativeTarget section */
		DE22093E28C9B32400612BB1 /* Memomamu */ = {
			isa = PBXNativeTarget;
			buildConfigurationList = DE22095328C9B32800612BB1 /* Build configuration list for PBXNativeTarget "Memomamu" */;
			buildPhases = (
				DE22093B28C9B32400612BB1 /* Sources */,
				DE22093C28C9B32400612BB1 /* Frameworks */,
				DE22093D28C9B32400612BB1 /* Resources */,
				DEE9C08628F1B0B200EAF7EA /* ShellScript */,
			);
			buildRules = (
			);
			dependencies = (
			);
			name = Memomamu;
			packageProductDependencies = (
				DE22096928C9BA5600612BB1 /* SnapKit */,
				DE0314D428D4572700FC9561 /* FSCalendar */,
				DE8CE76528D84A4B008F8319 /* IQKeyboardManagerSwift */,
				DE01627628E3DC200067A46D /* Realm */,
				DE01627828E3DC200067A46D /* RealmSwift */,
				DEE9C09028F58CF500EAF7EA /* FirebaseAnalyticsWithoutAdIdSupport */,
				DEE9C09228F58CF500EAF7EA /* FirebaseCrashlytics */,
				DEE9C09428F58CF500EAF7EA /* FirebaseMessaging */,
			);
			productName = Memomamu;
			productReference = DE22093F28C9B32400612BB1 /* Memomamu.app */;
			productType = "com.apple.product-type.application";
		};
/* End PBXNativeTarget section */

/* Begin PBXProject section */
		DE22093728C9B32400612BB1 /* Project object */ = {
			isa = PBXProject;
			attributes = {
				BuildIndependentTargetsInParallel = 1;
				LastSwiftUpdateCheck = 1330;
				LastUpgradeCheck = 1330;
				TargetAttributes = {
					DE22093E28C9B32400612BB1 = {
						CreatedOnToolsVersion = 13.3.1;
					};
				};
			};
			buildConfigurationList = DE22093A28C9B32400612BB1 /* Build configuration list for PBXProject "Memomamu" */;
			compatibilityVersion = "Xcode 13.0";
			developmentRegion = en;
			hasScannedForEncodings = 0;
			knownRegions = (
				en,
				Base,
				ko,
				ja,
			);
			mainGroup = DE22093628C9B32400612BB1;
			packageReferences = (
				DE22096828C9BA5600612BB1 /* XCRemoteSwiftPackageReference "SnapKit" */,
				DE0314D328D4572700FC9561 /* XCRemoteSwiftPackageReference "FSCalendar" */,
				DE8CE76428D84A4B008F8319 /* XCRemoteSwiftPackageReference "IQKeyboardManager" */,
				DE01627528E3DC200067A46D /* XCRemoteSwiftPackageReference "realm-swift" */,
				DEE9C08F28F58CF400EAF7EA /* XCRemoteSwiftPackageReference "firebase-ios-sdk" */,
			);
			productRefGroup = DE22094028C9B32400612BB1 /* Products */;
			projectDirPath = "";
			projectRoot = "";
			targets = (
				DE22093E28C9B32400612BB1 /* Memomamu */,
			);
		};
/* End PBXProject section */

/* Begin PBXResourcesBuildPhase section */
		DE22093D28C9B32400612BB1 /* Resources */ = {
			isa = PBXResourcesBuildPhase;
			buildActionMask = 2147483647;
			files = (
				DEB297B928EAF7190023148B /* Localizable.strings in Resources */,
				DEFBA15828F59D0F00A68E10 /* InfoPlist.strings in Resources */,
				DE22094F28C9B32800612BB1 /* LaunchScreen.storyboard in Resources */,
				DEE9C08528F1AFED00EAF7EA /* GoogleService-Info.plist in Resources */,
				DEFBA15528F599B900A68E10 /* BestTen-CRT.otf in Resources */,
				DE8908EB28F7DAC000651982 /* DungGeunMo.otf in Resources */,
				DE22094C28C9B32800612BB1 /* Assets.xcassets in Resources */,
			);
			runOnlyForDeploymentPostprocessing = 0;
		};
/* End PBXResourcesBuildPhase section */

/* Begin PBXShellScriptBuildPhase section */
		DEE9C08628F1B0B200EAF7EA /* ShellScript */ = {
			isa = PBXShellScriptBuildPhase;
			buildActionMask = 2147483647;
			files = (
			);
			inputFileListPaths = (
			);
			inputPaths = (
				"${DWARF_DSYM_FOLDER_PATH}/${DWARF_DSYM_FILE_NAME}/Contents/Resources/DWARF/${TARGET_NAME}",
				"$(SRCROOT)/$(BUILT_PRODUCTS_DIR)/$(INFOPLIST_PATH)",
			);
			outputFileListPaths = (
			);
			outputPaths = (
			);
			runOnlyForDeploymentPostprocessing = 0;
			shellPath = /bin/sh;
			shellScript = "# Type a script or drag a script file from your workspace to insert its path.\n\"${BUILD_DIR%/Build/*}/SourcePackages/checkouts/firebase-ios-sdk/Crashlytics/run\"\n";
		};
/* End PBXShellScriptBuildPhase section */

/* Begin PBXSourcesBuildPhase section */
		DE22093B28C9B32400612BB1 /* Sources */ = {
			isa = PBXSourcesBuildPhase;
			buildActionMask = 2147483647;
			files = (
				DE01627228E32CFC0067A46D /* SortCardTodoViewController.swift in Sources */,
				DE0314D728D4574400FC9561 /* CalendarViewController.swift in Sources */,
				DE1F8EBA28D0820300877A49 /* TodoViewController.swift in Sources */,
				DE0504B528CCBC3C00945FD8 /* PageViewController.swift in Sources */,
				DEDD8F5628DAD0C500464FA7 /* CheckStatusButtonView.swift in Sources */,
				DE01627B28E428910067A46D /* SortCardTodoTableViewCell.swift in Sources */,
				DE0314E928D6BF9A00FC9561 /* TodoEnum.swift in Sources */,
				DE1F8EBC28D0828700877A49 /* DiaryViewController.swift in Sources */,
				DE0314E028D48C4400FC9561 /* CardDiaryViewController.swift in Sources */,
				DE22097028C9CBA000612BB1 /* Todo.swift in Sources */,
				DE22096E28C9CB5300612BB1 /* ReusableProtocol.swift in Sources */,
				DE22096628C9B94400612BB1 /* WriteViewController.swift in Sources */,
				DE0314DE28D48C3B00FC9561 /* CardTodoViewController.swift in Sources */,
				DE8CE76928D87C28008F8319 /* Formatter+Extension.swift in Sources */,
				DE01626D28E2E4470067A46D /* SortDateView.swift in Sources */,
				DE01627428E32D1B0067A46D /* SortCardDiaryViewController.swift in Sources */,
				DE0314E228D495FC00FC9561 /* SortViewController.swift in Sources */,
				DEC3977028F84B2100DA06AF /* Toast+Extension.swift in Sources */,
				DEDD8F5928DB292800464FA7 /* ButtonPopUpViewController.swift in Sources */,
				DE22094328C9B32400612BB1 /* AppDelegate.swift in Sources */,
				DE8908DB28F6EE8A00651982 /* SettingViewController.swift in Sources */,
				DE0314E628D6BB7800FC9561 /* Repository.swift in Sources */,
				DE22094528C9B32400612BB1 /* SceneDelegate.swift in Sources */,
				DE22096428C9B49E00612BB1 /* Constants.swift in Sources */,
				DE8908E628F7D46000651982 /* Diary.swift in Sources */,
				DEE0569D28DC5F0400E9C59C /* CardTodoTableVIewCell.swift in Sources */,
				DE01626F28E2E5D50067A46D /* SortTableViewCell.swift in Sources */,
				DE0314D928D46DEA00FC9561 /* CalendarCell.swift in Sources */,
				DE7EA27928E4A54A0010684B /* AttributedString+Extension.swift in Sources */,
				DE22096C28C9BAB400612BB1 /* WriteTableViewCell.swift in Sources */,
			);
			runOnlyForDeploymentPostprocessing = 0;
		};
/* End PBXSourcesBuildPhase section */

/* Begin PBXVariantGroup section */
		DE22094D28C9B32800612BB1 /* LaunchScreen.storyboard */ = {
			isa = PBXVariantGroup;
			children = (
				DE22094E28C9B32800612BB1 /* Base */,
			);
			name = LaunchScreen.storyboard;
			sourceTree = "<group>";
		};
		DEB297BB28EAF7190023148B /* Localizable.strings */ = {
			isa = PBXVariantGroup;
			children = (
				DEB297BA28EAF7190023148B /* en */,
				DEB297BC28EAF73A0023148B /* ko */,
				DEB297BD28EAF7720023148B /* ja */,
			);
			name = Localizable.strings;
			path = Memomamu;
			sourceTree = SOURCE_ROOT;
		};
		DEFBA15A28F59D0F00A68E10 /* InfoPlist.strings */ = {
			isa = PBXVariantGroup;
			children = (
				DEFBA15928F59D0F00A68E10 /* en */,
				DEFBA15B28F59D1000A68E10 /* ja */,
				DEFBA15C28F59D1100A68E10 /* ko */,
			);
			name = InfoPlist.strings;
			sourceTree = "<group>";
		};
/* End PBXVariantGroup section */

/* Begin XCBuildConfiguration section */
		DE22095128C9B32800612BB1 /* Debug */ = {
			isa = XCBuildConfiguration;
			buildSettings = {
				ALWAYS_SEARCH_USER_PATHS = NO;
				CLANG_ANALYZER_LOCALIZABILITY_NONLOCALIZED = YES;
				CLANG_ANALYZER_NONNULL = YES;
				CLANG_ANALYZER_NUMBER_OBJECT_CONVERSION = YES_AGGRESSIVE;
				CLANG_CXX_LANGUAGE_STANDARD = "gnu++17";
				CLANG_ENABLE_MODULES = YES;
				CLANG_ENABLE_OBJC_ARC = YES;
				CLANG_ENABLE_OBJC_WEAK = YES;
				CLANG_WARN_BLOCK_CAPTURE_AUTORELEASING = YES;
				CLANG_WARN_BOOL_CONVERSION = YES;
				CLANG_WARN_COMMA = YES;
				CLANG_WARN_CONSTANT_CONVERSION = YES;
				CLANG_WARN_DEPRECATED_OBJC_IMPLEMENTATIONS = YES;
				CLANG_WARN_DIRECT_OBJC_ISA_USAGE = YES_ERROR;
				CLANG_WARN_DOCUMENTATION_COMMENTS = YES;
				CLANG_WARN_EMPTY_BODY = YES;
				CLANG_WARN_ENUM_CONVERSION = YES;
				CLANG_WARN_INFINITE_RECURSION = YES;
				CLANG_WARN_INT_CONVERSION = YES;
				CLANG_WARN_NON_LITERAL_NULL_CONVERSION = YES;
				CLANG_WARN_OBJC_IMPLICIT_RETAIN_SELF = YES;
				CLANG_WARN_OBJC_LITERAL_CONVERSION = YES;
				CLANG_WARN_OBJC_ROOT_CLASS = YES_ERROR;
				CLANG_WARN_QUOTED_INCLUDE_IN_FRAMEWORK_HEADER = YES;
				CLANG_WARN_RANGE_LOOP_ANALYSIS = YES;
				CLANG_WARN_STRICT_PROTOTYPES = YES;
				CLANG_WARN_SUSPICIOUS_MOVE = YES;
				CLANG_WARN_UNGUARDED_AVAILABILITY = YES_AGGRESSIVE;
				CLANG_WARN_UNREACHABLE_CODE = YES;
				CLANG_WARN__DUPLICATE_METHOD_MATCH = YES;
				COPY_PHASE_STRIP = NO;
				DEBUG_INFORMATION_FORMAT = dwarf;
				ENABLE_STRICT_OBJC_MSGSEND = YES;
				ENABLE_TESTABILITY = YES;
				GCC_C_LANGUAGE_STANDARD = gnu11;
				GCC_DYNAMIC_NO_PIC = NO;
				GCC_NO_COMMON_BLOCKS = YES;
				GCC_OPTIMIZATION_LEVEL = 0;
				GCC_PREPROCESSOR_DEFINITIONS = (
					"DEBUG=1",
					"$(inherited)",
				);
				GCC_WARN_64_TO_32_BIT_CONVERSION = YES;
				GCC_WARN_ABOUT_RETURN_TYPE = YES_ERROR;
				GCC_WARN_UNDECLARED_SELECTOR = YES;
				GCC_WARN_UNINITIALIZED_AUTOS = YES_AGGRESSIVE;
				GCC_WARN_UNUSED_FUNCTION = YES;
				GCC_WARN_UNUSED_VARIABLE = YES;
				IPHONEOS_DEPLOYMENT_TARGET = 15.4;
				MTL_ENABLE_DEBUG_INFO = INCLUDE_SOURCE;
				MTL_FAST_MATH = YES;
				ONLY_ACTIVE_ARCH = YES;
				SDKROOT = iphoneos;
				SWIFT_ACTIVE_COMPILATION_CONDITIONS = DEBUG;
				SWIFT_OPTIMIZATION_LEVEL = "-Onone";
			};
			name = Debug;
		};
		DE22095228C9B32800612BB1 /* Release */ = {
			isa = XCBuildConfiguration;
			buildSettings = {
				ALWAYS_SEARCH_USER_PATHS = NO;
				CLANG_ANALYZER_LOCALIZABILITY_NONLOCALIZED = YES;
				CLANG_ANALYZER_NONNULL = YES;
				CLANG_ANALYZER_NUMBER_OBJECT_CONVERSION = YES_AGGRESSIVE;
				CLANG_CXX_LANGUAGE_STANDARD = "gnu++17";
				CLANG_ENABLE_MODULES = YES;
				CLANG_ENABLE_OBJC_ARC = YES;
				CLANG_ENABLE_OBJC_WEAK = YES;
				CLANG_WARN_BLOCK_CAPTURE_AUTORELEASING = YES;
				CLANG_WARN_BOOL_CONVERSION = YES;
				CLANG_WARN_COMMA = YES;
				CLANG_WARN_CONSTANT_CONVERSION = YES;
				CLANG_WARN_DEPRECATED_OBJC_IMPLEMENTATIONS = YES;
				CLANG_WARN_DIRECT_OBJC_ISA_USAGE = YES_ERROR;
				CLANG_WARN_DOCUMENTATION_COMMENTS = YES;
				CLANG_WARN_EMPTY_BODY = YES;
				CLANG_WARN_ENUM_CONVERSION = YES;
				CLANG_WARN_INFINITE_RECURSION = YES;
				CLANG_WARN_INT_CONVERSION = YES;
				CLANG_WARN_NON_LITERAL_NULL_CONVERSION = YES;
				CLANG_WARN_OBJC_IMPLICIT_RETAIN_SELF = YES;
				CLANG_WARN_OBJC_LITERAL_CONVERSION = YES;
				CLANG_WARN_OBJC_ROOT_CLASS = YES_ERROR;
				CLANG_WARN_QUOTED_INCLUDE_IN_FRAMEWORK_HEADER = YES;
				CLANG_WARN_RANGE_LOOP_ANALYSIS = YES;
				CLANG_WARN_STRICT_PROTOTYPES = YES;
				CLANG_WARN_SUSPICIOUS_MOVE = YES;
				CLANG_WARN_UNGUARDED_AVAILABILITY = YES_AGGRESSIVE;
				CLANG_WARN_UNREACHABLE_CODE = YES;
				CLANG_WARN__DUPLICATE_METHOD_MATCH = YES;
				COPY_PHASE_STRIP = NO;
				DEBUG_INFORMATION_FORMAT = "dwarf-with-dsym";
				ENABLE_NS_ASSERTIONS = NO;
				ENABLE_STRICT_OBJC_MSGSEND = YES;
				GCC_C_LANGUAGE_STANDARD = gnu11;
				GCC_NO_COMMON_BLOCKS = YES;
				GCC_WARN_64_TO_32_BIT_CONVERSION = YES;
				GCC_WARN_ABOUT_RETURN_TYPE = YES_ERROR;
				GCC_WARN_UNDECLARED_SELECTOR = YES;
				GCC_WARN_UNINITIALIZED_AUTOS = YES_AGGRESSIVE;
				GCC_WARN_UNUSED_FUNCTION = YES;
				GCC_WARN_UNUSED_VARIABLE = YES;
				IPHONEOS_DEPLOYMENT_TARGET = 15.4;
				MTL_ENABLE_DEBUG_INFO = NO;
				MTL_FAST_MATH = YES;
				SDKROOT = iphoneos;
				SWIFT_COMPILATION_MODE = wholemodule;
				SWIFT_OPTIMIZATION_LEVEL = "-O";
				VALIDATE_PRODUCT = YES;
			};
			name = Release;
		};
		DE22095428C9B32800612BB1 /* Debug */ = {
			isa = XCBuildConfiguration;
			buildSettings = {
				ASSETCATALOG_COMPILER_APPICON_NAME = AppIcon;
				ASSETCATALOG_COMPILER_GLOBAL_ACCENT_COLOR_NAME = AccentColor;
				CODE_SIGN_ENTITLEMENTS = Memomamu/Memomamu.entitlements;
				CODE_SIGN_STYLE = Automatic;
				CURRENT_PROJECT_VERSION = 4;
				DEBUG_INFORMATION_FORMAT = "dwarf-with-dsym";
				DEVELOPMENT_TEAM = DV7XBU83N5;
				GENERATE_INFOPLIST_FILE = YES;
				INFOPLIST_FILE = Memomamu/Info.plist;
				INFOPLIST_KEY_CFBundleDisplayName = "메모마무";
				INFOPLIST_KEY_LSApplicationCategoryType = "public.app-category.lifestyle";
				INFOPLIST_KEY_UIApplicationSupportsIndirectInputEvents = YES;
				INFOPLIST_KEY_UILaunchStoryboardName = LaunchScreen;
				INFOPLIST_KEY_UIRequiresFullScreen = YES;
				INFOPLIST_KEY_UISupportedInterfaceOrientations = UIInterfaceOrientationPortrait;
				INFOPLIST_KEY_UISupportedInterfaceOrientations_iPad = UIInterfaceOrientationPortrait;
				INFOPLIST_KEY_UISupportedInterfaceOrientations_iPhone = UIInterfaceOrientationPortrait;
				INFOPLIST_KEY_UIUserInterfaceStyle = Light;
				IPHONEOS_DEPLOYMENT_TARGET = 15.0;
				LD_RUNPATH_SEARCH_PATHS = (
					"$(inherited)",
					"@executable_path/Frameworks",
				);
				MARKETING_VERSION = 1.1.1;
				PRODUCT_BUNDLE_IDENTIFIER = com.sesac.Memomamu;
				PRODUCT_NAME = "$(TARGET_NAME)";
				SWIFT_EMIT_LOC_STRINGS = YES;
				SWIFT_VERSION = 5.0;
				TARGETED_DEVICE_FAMILY = "1,2";
			};
			name = Debug;
		};
		DE22095528C9B32800612BB1 /* Release */ = {
			isa = XCBuildConfiguration;
			buildSettings = {
				ASSETCATALOG_COMPILER_APPICON_NAME = AppIcon;
				ASSETCATALOG_COMPILER_GLOBAL_ACCENT_COLOR_NAME = AccentColor;
				CODE_SIGN_ENTITLEMENTS = Memomamu/Memomamu.entitlements;
				CODE_SIGN_STYLE = Automatic;
				CURRENT_PROJECT_VERSION = 4;
				DEVELOPMENT_TEAM = DV7XBU83N5;
				GENERATE_INFOPLIST_FILE = YES;
				INFOPLIST_FILE = Memomamu/Info.plist;
				INFOPLIST_KEY_CFBundleDisplayName = "메모마무";
				INFOPLIST_KEY_LSApplicationCategoryType = "public.app-category.lifestyle";
				INFOPLIST_KEY_UIApplicationSupportsIndirectInputEvents = YES;
				INFOPLIST_KEY_UILaunchStoryboardName = LaunchScreen;
				INFOPLIST_KEY_UIRequiresFullScreen = YES;
				INFOPLIST_KEY_UISupportedInterfaceOrientations = UIInterfaceOrientationPortrait;
				INFOPLIST_KEY_UISupportedInterfaceOrientations_iPad = UIInterfaceOrientationPortrait;
				INFOPLIST_KEY_UISupportedInterfaceOrientations_iPhone = UIInterfaceOrientationPortrait;
				INFOPLIST_KEY_UIUserInterfaceStyle = Light;
				IPHONEOS_DEPLOYMENT_TARGET = 15.0;
				LD_RUNPATH_SEARCH_PATHS = (
					"$(inherited)",
					"@executable_path/Frameworks",
				);
				MARKETING_VERSION = 1.1.1;
				PRODUCT_BUNDLE_IDENTIFIER = com.sesac.Memomamu;
				PRODUCT_NAME = "$(TARGET_NAME)";
				SWIFT_EMIT_LOC_STRINGS = YES;
				SWIFT_VERSION = 5.0;
				TARGETED_DEVICE_FAMILY = "1,2";
			};
			name = Release;
		};
/* End XCBuildConfiguration section */

/* Begin XCConfigurationList section */
		DE22093A28C9B32400612BB1 /* Build configuration list for PBXProject "Memomamu" */ = {
			isa = XCConfigurationList;
			buildConfigurations = (
				DE22095128C9B32800612BB1 /* Debug */,
				DE22095228C9B32800612BB1 /* Release */,
			);
			defaultConfigurationIsVisible = 0;
			defaultConfigurationName = Release;
		};
		DE22095328C9B32800612BB1 /* Build configuration list for PBXNativeTarget "Memomamu" */ = {
			isa = XCConfigurationList;
			buildConfigurations = (
				DE22095428C9B32800612BB1 /* Debug */,
				DE22095528C9B32800612BB1 /* Release */,
			);
			defaultConfigurationIsVisible = 0;
			defaultConfigurationName = Release;
		};
/* End XCConfigurationList section */

/* Begin XCRemoteSwiftPackageReference section */
		DE01627528E3DC200067A46D /* XCRemoteSwiftPackageReference "realm-swift" */ = {
			isa = XCRemoteSwiftPackageReference;
			repositoryURL = "https://github.com/realm/realm-swift.git";
			requirement = {
				kind = exactVersion;
				version = 10.30.0;
			};
		};
		DE0314D328D4572700FC9561 /* XCRemoteSwiftPackageReference "FSCalendar" */ = {
			isa = XCRemoteSwiftPackageReference;
			repositoryURL = "https://github.com/WenchaoD/FSCalendar.git";
			requirement = {
				kind = upToNextMajorVersion;
				minimumVersion = 2.0.0;
			};
		};
		DE22096828C9BA5600612BB1 /* XCRemoteSwiftPackageReference "SnapKit" */ = {
			isa = XCRemoteSwiftPackageReference;
			repositoryURL = "https://github.com/SnapKit/SnapKit.git";
			requirement = {
				kind = upToNextMajorVersion;
				minimumVersion = 5.0.0;
			};
		};
		DE8CE76428D84A4B008F8319 /* XCRemoteSwiftPackageReference "IQKeyboardManager" */ = {
			isa = XCRemoteSwiftPackageReference;
			repositoryURL = "https://github.com/hackiftekhar/IQKeyboardManager.git";
			requirement = {
				kind = upToNextMajorVersion;
				minimumVersion = 6.5.0;
			};
		};
		DEE9C08F28F58CF400EAF7EA /* XCRemoteSwiftPackageReference "firebase-ios-sdk" */ = {
			isa = XCRemoteSwiftPackageReference;
			repositoryURL = "https://github.com/firebase/firebase-ios-sdk";
			requirement = {
				kind = upToNextMajorVersion;
				minimumVersion = 9.0.0;
			};
		};
/* End XCRemoteSwiftPackageReference section */

/* Begin XCSwiftPackageProductDependency section */
		DE01627628E3DC200067A46D /* Realm */ = {
			isa = XCSwiftPackageProductDependency;
			package = DE01627528E3DC200067A46D /* XCRemoteSwiftPackageReference "realm-swift" */;
			productName = Realm;
		};
		DE01627828E3DC200067A46D /* RealmSwift */ = {
			isa = XCSwiftPackageProductDependency;
			package = DE01627528E3DC200067A46D /* XCRemoteSwiftPackageReference "realm-swift" */;
			productName = RealmSwift;
		};
		DE0314D428D4572700FC9561 /* FSCalendar */ = {
			isa = XCSwiftPackageProductDependency;
			package = DE0314D328D4572700FC9561 /* XCRemoteSwiftPackageReference "FSCalendar" */;
			productName = FSCalendar;
		};
		DE22096928C9BA5600612BB1 /* SnapKit */ = {
			isa = XCSwiftPackageProductDependency;
			package = DE22096828C9BA5600612BB1 /* XCRemoteSwiftPackageReference "SnapKit" */;
			productName = SnapKit;
		};
		DE8CE76528D84A4B008F8319 /* IQKeyboardManagerSwift */ = {
			isa = XCSwiftPackageProductDependency;
			package = DE8CE76428D84A4B008F8319 /* XCRemoteSwiftPackageReference "IQKeyboardManager" */;
			productName = IQKeyboardManagerSwift;
		};
		DEE9C09028F58CF500EAF7EA /* FirebaseAnalyticsWithoutAdIdSupport */ = {
			isa = XCSwiftPackageProductDependency;
			package = DEE9C08F28F58CF400EAF7EA /* XCRemoteSwiftPackageReference "firebase-ios-sdk" */;
			productName = FirebaseAnalyticsWithoutAdIdSupport;
		};
		DEE9C09228F58CF500EAF7EA /* FirebaseCrashlytics */ = {
			isa = XCSwiftPackageProductDependency;
			package = DEE9C08F28F58CF400EAF7EA /* XCRemoteSwiftPackageReference "firebase-ios-sdk" */;
			productName = FirebaseCrashlytics;
		};
		DEE9C09428F58CF500EAF7EA /* FirebaseMessaging */ = {
			isa = XCSwiftPackageProductDependency;
			package = DEE9C08F28F58CF400EAF7EA /* XCRemoteSwiftPackageReference "firebase-ios-sdk" */;
			productName = FirebaseMessaging;
		};
/* End XCSwiftPackageProductDependency section */
	};
	rootObject = DE22093728C9B32400612BB1 /* Project object */;
}
